
Microsoft Visual Studio Solution File, Format Version 11.00
# Visual Studio 2010
Project("{FAE04EC0-301F-11D3-BF4B-00C04F79EFBC}") = "Assembly-CSharp", "Assembly-CSharp.csproj", "{cb202a5f-d03a-f0e5-3425-ca7c80423008}"
EndProject
Project("{FAE04EC0-301F-11D3-BF4B-00C04F79EFBC}") = "CoreLibrary", "CoreLibrary.csproj", "{bb5489a3-30f8-5fd3-7b4a-edd9728e6192}"
EndProject
Project("{FAE04EC0-301F-11D3-BF4B-00C04F79EFBC}") = "Assembly-CSharp-Editor", "Assembly-CSharp-Editor.csproj", "{cdc93464-53c3-97df-1a51-c2de90d731c9}"
EndProject
Global
	GlobalSection(SolutionConfigurationPlatforms) = preSolution
		Debug|Any CPU = Debug|Any CPU
	EndGlobalSection
	GlobalSection(ProjectConfigurationPlatforms) = postSolution
		{cb202a5f-d03a-f0e5-3425-ca7c80423008}.Debug|Any CPU.ActiveCfg = Debug|Any CPU
		{cb202a5f-d03a-f0e5-3425-ca7c80423008}.Debug|Any CPU.Build.0 = Debug|Any CPU
		{bb5489a3-30f8-5fd3-7b4a-edd9728e6192}.Debug|Any CPU.ActiveCfg = Debug|Any CPU
		{bb5489a3-30f8-5fd3-7b4a-edd9728e6192}.Debug|Any CPU.Build.0 = Debug|Any CPU
		{cdc93464-53c3-97df-1a51-c2de90d731c9}.Debug|Any CPU.ActiveCfg = Debug|Any CPU
		{cdc93464-53c3-97df-1a51-c2de90d731c9}.Debug|Any CPU.Build.0 = Debug|Any CPU
	EndGlobalSection
	GlobalSection(SolutionProperties) = preSolution
		HideSolutionNode = FALSE
	EndGlobalSection
EndGlobal
